// !$*UTF8*$!
{
	archiveVersion = 1;
	classes = {
	};
	objectVersion = 52;
	objects = {

/* Begin PBXAggregateTarget section */
		"log::logPackageTests::ProductTarget" /* logPackageTests */ = {
			isa = PBXAggregateTarget;
			buildConfigurationList = OBJ_32 /* Build configuration list for PBXAggregateTarget "logPackageTests" */;
			buildPhases = (
			);
			dependencies = (
				OBJ_35 /* PBXTargetDependency */,
			);
			name = logPackageTests;
			productName = logPackageTests;
		};
/* End PBXAggregateTarget section */

/* Begin PBXBuildFile section */
		044948682537B17800B2CC9F /* Utilities in Frameworks */ = {isa = PBXBuildFile; productRef = 044948672537B17800B2CC9F /* Utilities */; };
		04712F3A247F0F7E00B52690 /* Logger.swift in Sources */ = {isa = PBXBuildFile; fileRef = 04712F36247F0F7E00B52690 /* Logger.swift */; };
		04712F3B247F0F7E00B52690 /* Loggable.swift in Sources */ = {isa = PBXBuildFile; fileRef = 04712F37247F0F7E00B52690 /* Loggable.swift */; };
		04712F3C247F0F7E00B52690 /* TextFileLogger.swift in Sources */ = {isa = PBXBuildFile; fileRef = 04712F38247F0F7E00B52690 /* TextFileLogger.swift */; };
		04712F3D247F0F7E00B52690 /* EnvironmentVariables.swift in Sources */ = {isa = PBXBuildFile; fileRef = 04712F39247F0F7E00B52690 /* EnvironmentVariables.swift */; };
		04F8386E25314AA600D759EE /* Alamofire in Frameworks */ = {isa = PBXBuildFile; productRef = 04F8386D25314AA600D759EE /* Alamofire */; };
		OBJ_23 /* log.swift in Sources */ = {isa = PBXBuildFile; fileRef = OBJ_9 /* log.swift */; };
		OBJ_30 /* Package.swift in Sources */ = {isa = PBXBuildFile; fileRef = OBJ_6 /* Package.swift */; };
		OBJ_41 /* XCTestManifests.swift in Sources */ = {isa = PBXBuildFile; fileRef = OBJ_12 /* XCTestManifests.swift */; };
		OBJ_42 /* logTests.swift in Sources */ = {isa = PBXBuildFile; fileRef = OBJ_13 /* logTests.swift */; };
		OBJ_44 /* log.framework in Frameworks */ = {isa = PBXBuildFile; fileRef = "log::log::Product" /* log.framework */; };
/* End PBXBuildFile section */

/* Begin PBXContainerItemProxy section */
		04712F34247F0F5900B52690 /* PBXContainerItemProxy */ = {
			isa = PBXContainerItemProxy;
			containerPortal = OBJ_1 /* Project object */;
			proxyType = 1;
			remoteGlobalIDString = "log::log";
			remoteInfo = log;
		};
		04712F35247F0F5A00B52690 /* PBXContainerItemProxy */ = {
			isa = PBXContainerItemProxy;
			containerPortal = OBJ_1 /* Project object */;
			proxyType = 1;
			remoteGlobalIDString = "log::logTests";
			remoteInfo = logTests;
		};
/* End PBXContainerItemProxy section */

/* Begin PBXFileReference section */
		04712F36247F0F7E00B52690 /* Logger.swift */ = {isa = PBXFileReference; fileEncoding = 4; lastKnownFileType = sourcecode.swift; path = Logger.swift; sourceTree = "<group>"; };
		04712F37247F0F7E00B52690 /* Loggable.swift */ = {isa = PBXFileReference; fileEncoding = 4; lastKnownFileType = sourcecode.swift; path = Loggable.swift; sourceTree = "<group>"; };
		04712F38247F0F7E00B52690 /* TextFileLogger.swift */ = {isa = PBXFileReference; fileEncoding = 4; lastKnownFileType = sourcecode.swift; path = TextFileLogger.swift; sourceTree = "<group>"; };
		04712F39247F0F7E00B52690 /* EnvironmentVariables.swift */ = {isa = PBXFileReference; fileEncoding = 4; lastKnownFileType = sourcecode.swift; path = EnvironmentVariables.swift; sourceTree = "<group>"; };
		OBJ_12 /* XCTestManifests.swift */ = {isa = PBXFileReference; lastKnownFileType = sourcecode.swift; path = XCTestManifests.swift; sourceTree = "<group>"; };
		OBJ_13 /* logTests.swift */ = {isa = PBXFileReference; lastKnownFileType = sourcecode.swift; path = logTests.swift; sourceTree = "<group>"; };
		OBJ_17 /* README.md */ = {isa = PBXFileReference; lastKnownFileType = net.daringfireball.markdown; path = README.md; sourceTree = "<group>"; };
		OBJ_6 /* Package.swift */ = {isa = PBXFileReference; explicitFileType = sourcecode.swift; path = Package.swift; sourceTree = "<group>"; };
		OBJ_9 /* log.swift */ = {isa = PBXFileReference; lastKnownFileType = sourcecode.swift; path = log.swift; sourceTree = "<group>"; };
		"log::log::Product" /* log.framework */ = {isa = PBXFileReference; explicitFileType = wrapper.framework; path = log.framework; sourceTree = BUILT_PRODUCTS_DIR; };
		"log::logTests::Product" /* logTests.xctest */ = {isa = PBXFileReference; explicitFileType = wrapper.cfbundle; path = logTests.xctest; sourceTree = BUILT_PRODUCTS_DIR; };
/* End PBXFileReference section */

/* Begin PBXFrameworksBuildPhase section */
		OBJ_24 /* Frameworks */ = {
			isa = PBXFrameworksBuildPhase;
			buildActionMask = 0;
			files = (
				04F8386E25314AA600D759EE /* Alamofire in Frameworks */,
				044948682537B17800B2CC9F /* Utilities in Frameworks */,
			);
			runOnlyForDeploymentPostprocessing = 0;
		};
		OBJ_43 /* Frameworks */ = {
			isa = PBXFrameworksBuildPhase;
			buildActionMask = 0;
			files = (
				OBJ_44 /* log.framework in Frameworks */,
			);
			runOnlyForDeploymentPostprocessing = 0;
		};
/* End PBXFrameworksBuildPhase section */

/* Begin PBXGroup section */
		OBJ_10 /* Tests */ = {
			isa = PBXGroup;
			children = (
				OBJ_11 /* logTests */,
			);
			name = Tests;
			sourceTree = SOURCE_ROOT;
		};
		OBJ_11 /* logTests */ = {
			isa = PBXGroup;
			children = (
				OBJ_12 /* XCTestManifests.swift */,
				OBJ_13 /* logTests.swift */,
			);
			name = logTests;
			path = Tests/logTests;
			sourceTree = SOURCE_ROOT;
		};
		OBJ_14 /* Products */ = {
			isa = PBXGroup;
			children = (
				"log::logTests::Product" /* logTests.xctest */,
				"log::log::Product" /* log.framework */,
			);
			name = Products;
			sourceTree = BUILT_PRODUCTS_DIR;
		};
		OBJ_5 = {
			isa = PBXGroup;
			children = (
				OBJ_6 /* Package.swift */,
				OBJ_7 /* Sources */,
				OBJ_10 /* Tests */,
				OBJ_14 /* Products */,
				OBJ_17 /* README.md */,
			);
			sourceTree = "<group>";
		};
		OBJ_7 /* Sources */ = {
			isa = PBXGroup;
			children = (
				OBJ_8 /* log */,
			);
			name = Sources;
			sourceTree = SOURCE_ROOT;
		};
		OBJ_8 /* log */ = {
			isa = PBXGroup;
			children = (
				04712F39247F0F7E00B52690 /* EnvironmentVariables.swift */,
				04712F37247F0F7E00B52690 /* Loggable.swift */,
				04712F36247F0F7E00B52690 /* Logger.swift */,
				04712F38247F0F7E00B52690 /* TextFileLogger.swift */,
				OBJ_9 /* log.swift */,
			);
			name = log;
			path = Sources/log;
			sourceTree = SOURCE_ROOT;
		};
/* End PBXGroup section */

/* Begin PBXNativeTarget section */
		"log::SwiftPMPackageDescription" /* logPackageDescription */ = {
			isa = PBXNativeTarget;
			buildConfigurationList = OBJ_26 /* Build configuration list for PBXNativeTarget "logPackageDescription" */;
			buildPhases = (
				OBJ_29 /* Sources */,
			);
			buildRules = (
			);
			dependencies = (
			);
			name = logPackageDescription;
			productName = logPackageDescription;
			productType = "com.apple.product-type.framework";
		};
		"log::log" /* log */ = {
			isa = PBXNativeTarget;
			buildConfigurationList = OBJ_19 /* Build configuration list for PBXNativeTarget "log" */;
			buildPhases = (
				OBJ_22 /* Sources */,
				OBJ_24 /* Frameworks */,
			);
			buildRules = (
			);
			dependencies = (
			);
			name = log;
			packageProductDependencies = (
				04F8386D25314AA600D759EE /* Alamofire */,
				044948672537B17800B2CC9F /* Utilities */,
			);
			productName = log;
			productReference = "log::log::Product" /* log.framework */;
			productType = "com.apple.product-type.framework";
		};
		"log::logTests" /* logTests */ = {
			isa = PBXNativeTarget;
			buildConfigurationList = OBJ_37 /* Build configuration list for PBXNativeTarget "logTests" */;
			buildPhases = (
				OBJ_40 /* Sources */,
				OBJ_43 /* Frameworks */,
			);
			buildRules = (
			);
			dependencies = (
				OBJ_45 /* PBXTargetDependency */,
			);
			name = logTests;
			productName = logTests;
			productReference = "log::logTests::Product" /* logTests.xctest */;
			productType = "com.apple.product-type.bundle.unit-test";
		};
/* End PBXNativeTarget section */

/* Begin PBXProject section */
		OBJ_1 /* Project object */ = {
			isa = PBXProject;
			attributes = {
				LastSwiftMigration = 9999;
				LastUpgradeCheck = 9999;
			};
			buildConfigurationList = OBJ_2 /* Build configuration list for PBXProject "log" */;
			compatibilityVersion = "Xcode 3.2";
			developmentRegion = en;
			hasScannedForEncodings = 0;
			knownRegions = (
				en,
			);
			mainGroup = OBJ_5;
			packageReferences = (
				04F8386C25314AA600D759EE /* XCRemoteSwiftPackageReference "Alamofire" */,
				044948662537B17800B2CC9F /* XCRemoteSwiftPackageReference "utilities" */,
			);
			productRefGroup = OBJ_14 /* Products */;
			projectDirPath = "";
			projectRoot = "";
			targets = (
				"log::log" /* log */,
				"log::SwiftPMPackageDescription" /* logPackageDescription */,
				"log::logPackageTests::ProductTarget" /* logPackageTests */,
				"log::logTests" /* logTests */,
			);
		};
/* End PBXProject section */

/* Begin PBXSourcesBuildPhase section */
		OBJ_22 /* Sources */ = {
			isa = PBXSourcesBuildPhase;
			buildActionMask = 0;
			files = (
				04712F3C247F0F7E00B52690 /* TextFileLogger.swift in Sources */,
				04712F3B247F0F7E00B52690 /* Loggable.swift in Sources */,
				OBJ_23 /* log.swift in Sources */,
				04712F3D247F0F7E00B52690 /* EnvironmentVariables.swift in Sources */,
				04712F3A247F0F7E00B52690 /* Logger.swift in Sources */,
			);
			runOnlyForDeploymentPostprocessing = 0;
		};
		OBJ_29 /* Sources */ = {
			isa = PBXSourcesBuildPhase;
			buildActionMask = 0;
			files = (
				OBJ_30 /* Package.swift in Sources */,
			);
			runOnlyForDeploymentPostprocessing = 0;
		};
		OBJ_40 /* Sources */ = {
			isa = PBXSourcesBuildPhase;
			buildActionMask = 0;
			files = (
				OBJ_41 /* XCTestManifests.swift in Sources */,
				OBJ_42 /* logTests.swift in Sources */,
			);
			runOnlyForDeploymentPostprocessing = 0;
		};
/* End PBXSourcesBuildPhase section */

/* Begin PBXTargetDependency section */
		OBJ_35 /* PBXTargetDependency */ = {
			isa = PBXTargetDependency;
			target = "log::logTests" /* logTests */;
			targetProxy = 04712F35247F0F5A00B52690 /* PBXContainerItemProxy */;
		};
		OBJ_45 /* PBXTargetDependency */ = {
			isa = PBXTargetDependency;
			target = "log::log" /* log */;
			targetProxy = 04712F34247F0F5900B52690 /* PBXContainerItemProxy */;
		};
/* End PBXTargetDependency section */

/* Begin XCBuildConfiguration section */
		OBJ_20 /* Debug */ = {
			isa = XCBuildConfiguration;
			buildSettings = {
				ENABLE_TESTABILITY = YES;
				FRAMEWORK_SEARCH_PATHS = (
					"$(inherited)",
					"$(PLATFORM_DIR)/Developer/Library/Frameworks",
				);
				HEADER_SEARCH_PATHS = "$(inherited)";
				INFOPLIST_FILE = log.xcodeproj/log_Info.plist;
				IPHONEOS_DEPLOYMENT_TARGET = 13.2;
				LD_RUNPATH_SEARCH_PATHS = (
					"$(inherited)",
					"$(TOOLCHAIN_DIR)/usr/lib/swift/macosx",
				);
				MACOSX_DEPLOYMENT_TARGET = 10.10;
				OTHER_CFLAGS = "$(inherited)";
				OTHER_LDFLAGS = "$(inherited)";
				OTHER_SWIFT_FLAGS = "$(inherited)";
				PRODUCT_BUNDLE_IDENTIFIER = log;
				PRODUCT_MODULE_NAME = "$(TARGET_NAME:c99extidentifier)";
				PRODUCT_NAME = "$(TARGET_NAME:c99extidentifier)";
				SKIP_INSTALL = YES;
				SWIFT_ACTIVE_COMPILATION_CONDITIONS = "$(inherited)";
				SWIFT_VERSION = 5.0;
				TARGET_NAME = log;
				TVOS_DEPLOYMENT_TARGET = 13.2;
				WATCHOS_DEPLOYMENT_TARGET = 2.0;
			};
			name = Debug;
		};
		OBJ_21 /* Release */ = {
			isa = XCBuildConfiguration;
			buildSettings = {
				ENABLE_TESTABILITY = YES;
				FRAMEWORK_SEARCH_PATHS = (
					"$(inherited)",
					"$(PLATFORM_DIR)/Developer/Library/Frameworks",
				);
				HEADER_SEARCH_PATHS = "$(inherited)";
				INFOPLIST_FILE = log.xcodeproj/log_Info.plist;
				IPHONEOS_DEPLOYMENT_TARGET = 13.2;
				LD_RUNPATH_SEARCH_PATHS = (
					"$(inherited)",
					"$(TOOLCHAIN_DIR)/usr/lib/swift/macosx",
				);
				MACOSX_DEPLOYMENT_TARGET = 10.10;
				OTHER_CFLAGS = "$(inherited)";
				OTHER_LDFLAGS = "$(inherited)";
				OTHER_SWIFT_FLAGS = "$(inherited)";
				PRODUCT_BUNDLE_IDENTIFIER = log;
				PRODUCT_MODULE_NAME = "$(TARGET_NAME:c99extidentifier)";
				PRODUCT_NAME = "$(TARGET_NAME:c99extidentifier)";
				SKIP_INSTALL = YES;
				SWIFT_ACTIVE_COMPILATION_CONDITIONS = "$(inherited)";
				SWIFT_VERSION = 5.0;
				TARGET_NAME = log;
				TVOS_DEPLOYMENT_TARGET = 13.2;
				WATCHOS_DEPLOYMENT_TARGET = 2.0;
			};
			name = Release;
		};
		OBJ_27 /* Debug */ = {
			isa = XCBuildConfiguration;
			buildSettings = {
				LD = /usr/bin/true;
				OTHER_SWIFT_FLAGS = "-swift-version 5 -I $(TOOLCHAIN_DIR)/usr/lib/swift/pm/4_2 -target x86_64-apple-macosx10.10 -sdk /Applications/Xcode.app/Contents/Developer/Platforms/MacOSX.platform/Developer/SDKs/MacOSX10.15.sdk -package-description-version 5.2.0";
				SWIFT_VERSION = 5.0;
			};
			name = Debug;
		};
		OBJ_28 /* Release */ = {
			isa = XCBuildConfiguration;
			buildSettings = {
				LD = /usr/bin/true;
				OTHER_SWIFT_FLAGS = "-swift-version 5 -I $(TOOLCHAIN_DIR)/usr/lib/swift/pm/4_2 -target x86_64-apple-macosx10.10 -sdk /Applications/Xcode.app/Contents/Developer/Platforms/MacOSX.platform/Developer/SDKs/MacOSX10.15.sdk -package-description-version 5.2.0";
				SWIFT_VERSION = 5.0;
			};
			name = Release;
		};
		OBJ_3 /* Debug */ = {
			isa = XCBuildConfiguration;
			buildSettings = {
				CLANG_ENABLE_OBJC_ARC = YES;
				COMBINE_HIDPI_IMAGES = YES;
				COPY_PHASE_STRIP = NO;
				DEBUG_INFORMATION_FORMAT = dwarf;
				DYLIB_INSTALL_NAME_BASE = "@rpath";
				ENABLE_NS_ASSERTIONS = YES;
				GCC_OPTIMIZATION_LEVEL = 0;
				GCC_PREPROCESSOR_DEFINITIONS = (
					"$(inherited)",
					"SWIFT_PACKAGE=1",
					"DEBUG=1",
				);
				MACOSX_DEPLOYMENT_TARGET = 10.10;
				ONLY_ACTIVE_ARCH = YES;
				OTHER_SWIFT_FLAGS = "$(inherited) -DXcode";
				PRODUCT_NAME = "$(TARGET_NAME)";
				SDKROOT = macosx;
				SUPPORTED_PLATFORMS = "macosx iphoneos iphonesimulator appletvos appletvsimulator watchos watchsimulator";
				SWIFT_ACTIVE_COMPILATION_CONDITIONS = "$(inherited) SWIFT_PACKAGE DEBUG";
				SWIFT_OPTIMIZATION_LEVEL = "-Onone";
				USE_HEADERMAP = NO;
			};
			name = Debug;
		};
		OBJ_33 /* Debug */ = {
			isa = XCBuildConfiguration;
			buildSettings = {
			};
			name = Debug;
		};
		OBJ_34 /* Release */ = {
			isa = XCBuildConfiguration;
			buildSettings = {
			};
			name = Release;
		};
		OBJ_38 /* Debug */ = {
			isa = XCBuildConfiguration;
			buildSettings = {
				CLANG_ENABLE_MODULES = YES;
				EMBEDDED_CONTENT_CONTAINS_SWIFT = YES;
				FRAMEWORK_SEARCH_PATHS = (
					"$(inherited)",
					"$(PLATFORM_DIR)/Developer/Library/Frameworks",
				);
				HEADER_SEARCH_PATHS = "$(inherited)";
				INFOPLIST_FILE = log.xcodeproj/logTests_Info.plist;
				IPHONEOS_DEPLOYMENT_TARGET = 13.2;
				LD_RUNPATH_SEARCH_PATHS = (
					"$(inherited)",
					"@loader_path/../Frameworks",
					"@loader_path/Frameworks",
				);
				MACOSX_DEPLOYMENT_TARGET = 10.10;
				OTHER_CFLAGS = "$(inherited)";
				OTHER_LDFLAGS = "$(inherited)";
				OTHER_SWIFT_FLAGS = "$(inherited)";
				SWIFT_ACTIVE_COMPILATION_CONDITIONS = "$(inherited)";
				SWIFT_VERSION = 5.0;
				TARGET_NAME = logTests;
				TVOS_DEPLOYMENT_TARGET = 13.2;
				WATCHOS_DEPLOYMENT_TARGET = 2.0;
			};
			name = Debug;
		};
		OBJ_39 /* Release */ = {
			isa = XCBuildConfiguration;
			buildSettings = {
				CLANG_ENABLE_MODULES = YES;
				EMBEDDED_CONTENT_CONTAINS_SWIFT = YES;
				FRAMEWORK_SEARCH_PATHS = (
					"$(inherited)",
					"$(PLATFORM_DIR)/Developer/Library/Frameworks",
				);
				HEADER_SEARCH_PATHS = "$(inherited)";
				INFOPLIST_FILE = log.xcodeproj/logTests_Info.plist;
				IPHONEOS_DEPLOYMENT_TARGET = 13.2;
				LD_RUNPATH_SEARCH_PATHS = (
					"$(inherited)",
					"@loader_path/../Frameworks",
					"@loader_path/Frameworks",
				);
				MACOSX_DEPLOYMENT_TARGET = 10.10;
				OTHER_CFLAGS = "$(inherited)";
				OTHER_LDFLAGS = "$(inherited)";
				OTHER_SWIFT_FLAGS = "$(inherited)";
				SWIFT_ACTIVE_COMPILATION_CONDITIONS = "$(inherited)";
				SWIFT_VERSION = 5.0;
				TARGET_NAME = logTests;
				TVOS_DEPLOYMENT_TARGET = 13.2;
				WATCHOS_DEPLOYMENT_TARGET = 2.0;
			};
			name = Release;
		};
		OBJ_4 /* Release */ = {
			isa = XCBuildConfiguration;
			buildSettings = {
				CLANG_ENABLE_OBJC_ARC = YES;
				COMBINE_HIDPI_IMAGES = YES;
				COPY_PHASE_STRIP = YES;
				DEBUG_INFORMATION_FORMAT = "dwarf-with-dsym";
				DYLIB_INSTALL_NAME_BASE = "@rpath";
				GCC_OPTIMIZATION_LEVEL = s;
				GCC_PREPROCESSOR_DEFINITIONS = (
					"$(inherited)",
					"SWIFT_PACKAGE=1",
				);
				MACOSX_DEPLOYMENT_TARGET = 10.10;
				OTHER_SWIFT_FLAGS = "$(inherited) -DXcode";
				PRODUCT_NAME = "$(TARGET_NAME)";
				SDKROOT = macosx;
				SUPPORTED_PLATFORMS = "macosx iphoneos iphonesimulator appletvos appletvsimulator watchos watchsimulator";
				SWIFT_ACTIVE_COMPILATION_CONDITIONS = "$(inherited) SWIFT_PACKAGE";
				SWIFT_COMPILATION_MODE = wholemodule;
				SWIFT_OPTIMIZATION_LEVEL = "-O";
				USE_HEADERMAP = NO;
			};
			name = Release;
		};
/* End XCBuildConfiguration section */

/* Begin XCConfigurationList section */
		OBJ_19 /* Build configuration list for PBXNativeTarget "log" */ = {
			isa = XCConfigurationList;
			buildConfigurations = (
				OBJ_20 /* Debug */,
				OBJ_21 /* Release */,
			);
			defaultConfigurationIsVisible = 0;
			defaultConfigurationName = Release;
		};
		OBJ_2 /* Build configuration list for PBXProject "log" */ = {
			isa = XCConfigurationList;
			buildConfigurations = (
				OBJ_3 /* Debug */,
				OBJ_4 /* Release */,
			);
			defaultConfigurationIsVisible = 0;
			defaultConfigurationName = Release;
		};
		OBJ_26 /* Build configuration list for PBXNativeTarget "logPackageDescription" */ = {
			isa = XCConfigurationList;
			buildConfigurations = (
				OBJ_27 /* Debug */,
				OBJ_28 /* Release */,
			);
			defaultConfigurationIsVisible = 0;
			defaultConfigurationName = Release;
		};
		OBJ_32 /* Build configuration list for PBXAggregateTarget "logPackageTests" */ = {
			isa = XCConfigurationList;
			buildConfigurations = (
				OBJ_33 /* Debug */,
				OBJ_34 /* Release */,
			);
			defaultConfigurationIsVisible = 0;
			defaultConfigurationName = Release;
		};
		OBJ_37 /* Build configuration list for PBXNativeTarget "logTests" */ = {
			isa = XCConfigurationList;
			buildConfigurations = (
				OBJ_38 /* Debug */,
				OBJ_39 /* Release */,
			);
			defaultConfigurationIsVisible = 0;
			defaultConfigurationName = Release;
		};
/* End XCConfigurationList section */

/* Begin XCRemoteSwiftPackageReference section */
		044948662537B17800B2CC9F /* XCRemoteSwiftPackageReference "utilities" */ = {
			isa = XCRemoteSwiftPackageReference;
			repositoryURL = "https://git.nikolamotor.com/core/mobile/ios/swift/utilities";
			requirement = {
				branch = master;
				kind = branch;
			};
		};
		04F8386C25314AA600D759EE /* XCRemoteSwiftPackageReference "Alamofire" */ = {
			isa = XCRemoteSwiftPackageReference;
			repositoryURL = "https://github.com/Alamofire/Alamofire.git";
			requirement = {
				kind = upToNextMajorVersion;
				minimumVersion = 5.2.2;
			};
		};
/* End XCRemoteSwiftPackageReference section */

/* Begin XCSwiftPackageProductDependency section */
		044948672537B17800B2CC9F /* Utilities */ = {
			isa = XCSwiftPackageProductDependency;
			package = 044948662537B17800B2CC9F /* XCRemoteSwiftPackageReference "utilities" */;
			productName = Utilities;
		};
		04F8386D25314AA600D759EE /* Alamofire */ = {
			isa = XCSwiftPackageProductDependency;
			package = 04F8386C25314AA600D759EE /* XCRemoteSwiftPackageReference "Alamofire" */;
			productName = Alamofire;
		};
/* End XCSwiftPackageProductDependency section */
	};
	rootObject = OBJ_1 /* Project object */;
}
