{
  "object": {
    "pins": [
      {
        "package": "Alamofire",
        "repositoryURL": "https://github.com/Alamofire/Alamofire.git",
        "state": {
          "branch": null,
          "revision": "eaf6e622dd41b07b251d8f01752eab31bc811493",
          "version": "5.4.1"
        }
      },
      {
        "package": "DeviceKit",
        "repositoryURL": "https://github.com/devicekit/DeviceKit.git",
        "state": {
          "branch": null,
          "revision": "4cf9f057db69104851634269f7839f8d0bd346a3",
          "version": "4.3.0"
        }
      },
      {
        "package": "LocalConsole",
        "repositoryURL": "https://github.com/duraidabdul/LocalConsole",
        "state": {
          "branch": "main",
          "revision": "971de252bf39015a3a8f2c47a790c32892007482",
          "version": null
        }
      },
      {
        "package": "SwiftUIComponents",
        "repositoryURL": "https://github.com/moyoteg/SwiftUIComponents",
        "state": {
          "branch": "main",
          "revision": "faaa337de4d0871e7c1dca8a4c61184cc59679ff",
          "version": null
        }
      },
      {
        "package": "SwiftUtilities",
        "repositoryURL": "https://github.com/moyoteg/SwiftUtilities",
        "state": {
          "branch": "master",
          "revision": "53a386889ba4d008ed4a507929a708817a6abd98",
          "version": null
        }
      }
    ]
  },
  "version": 1
}
