{
  "object": {
    "pins": [
      {
        "package": "Alamofire",
        "repositoryURL": "https://github.com/Alamofire/Alamofire.git",
        "state": {
          "branch": null,
          "revision": "d120af1e8638c7da36c8481fd61a66c0c08dc4fc",
          "version": "5.4.4"
        }
      },
      {
        "package": "DeviceKit",
        "repositoryURL": "https://github.com/devicekit/DeviceKit.git",
        "state": {
          "branch": null,
          "revision": "da57c444cbb7b6159aa871534d4cf2616d1d55c6",
          "version": "4.5.2"
        }
      },
      {
        "package": "LocalConsole",
        "repositoryURL": "https://github.com/duraidabdul/LocalConsole",
        "state": {
          "branch": "main",
          "revision": "72d9b1fbd5bd35225c7e3ddd98074b0723680661",
          "version": null
        }
      },
      {
        "package": "SwiftUIComponents",
        "repositoryURL": "https://github.com/moyoteg/SwiftUIComponents",
        "state": {
          "branch": "main",
          "revision": "b3e280c3dd5f85d0be9b7956e8f105fd376f9ab2",
          "version": null
        }
      },
      {
        "package": "SwiftUtilities",
        "repositoryURL": "https://github.com/moyoteg/SwiftUtilities",
        "state": {
          "branch": "master",
          "revision": "57180d7a1f4a20a40bf878acbeca5214a638103f",
          "version": null
        }
      }
    ]
  },
  "version": 1
}
